
Microsoft Visual Studio Solution File, Format Version 12.00
# Visual Studio Version 16
VisualStudioVersion = 16.0.30611.23
MinimumVisualStudioVersion = 10.0.40219.1
Project("{FAE04EC0-301F-11D3-BF4B-00C04F79EFBC}") = "skioprema", "skioprema\skioprema.csproj", "{D3CBD40D-4F22-4BF0-AEDB-995134FC6891}"
EndProject
Global
	GlobalSection(SolutionConfigurationPlatforms) = preSolution
		Debug|Any CPU = Debug|Any CPU
		Release|Any CPU = Release|Any CPU
	EndGlobalSection
	GlobalSection(ProjectConfigurationPlatforms) = postSolution
		{D3CBD40D-4F22-4BF0-AEDB-995134FC6891}.Debug|Any CPU.ActiveCfg = Debug|Any CPU
		{D3CBD40D-4F22-4BF0-AEDB-995134FC6891}.Debug|Any CPU.Build.0 = Debug|Any CPU
		{D3CBD40D-4F22-4BF0-AEDB-995134FC6891}.Release|Any CPU.ActiveCfg = Release|Any CPU
		{D3CBD40D-4F22-4BF0-AEDB-995134FC6891}.Release|Any CPU.Build.0 = Release|Any CPU
	EndGlobalSection
	GlobalSection(SolutionProperties) = preSolution
		HideSolutionNode = FALSE
	EndGlobalSection
	GlobalSection(ExtensibilityGlobals) = postSolution
		SolutionGuid = {17C631E5-D36C-421D-B41D-23323955522D}
	EndGlobalSection
EndGlobal
